
Microsoft Visual Studio Solution File, Format Version 12.00
# Visual Studio Version 16
VisualStudioVersion = 16.0.29920.165
MinimumVisualStudioVersion = 10.0.40219.1
Project("{FAE04EC0-301F-11D3-BF4B-00C04F79EFBC}") = "Supermarket", "Supermarket\Supermarket.csproj", "{6F62A2A8-9BD9-4DE2-BC57-7249AB0247CC}"
EndProject
Global
	GlobalSection(SolutionConfigurationPlatforms) = preSolution
		Debug|Any CPU = Debug|Any CPU
		Release|Any CPU = Release|Any CPU
	EndGlobalSection
	GlobalSection(ProjectConfigurationPlatforms) = postSolution
		{6F62A2A8-9BD9-4DE2-BC57-7249AB0247CC}.Debug|Any CPU.ActiveCfg = Debug|Any CPU
		{6F62A2A8-9BD9-4DE2-BC57-7249AB0247CC}.Debug|Any CPU.Build.0 = Debug|Any CPU
		{6F62A2A8-9BD9-4DE2-BC57-7249AB0247CC}.Release|Any CPU.ActiveCfg = Release|Any CPU
		{6F62A2A8-9BD9-4DE2-BC57-7249AB0247CC}.Release|Any CPU.Build.0 = Release|Any CPU
	EndGlobalSection
	GlobalSection(SolutionProperties) = preSolution
		HideSolutionNode = FALSE
	EndGlobalSection
	GlobalSection(ExtensibilityGlobals) = postSolution
		SolutionGuid = {488AF6C7-0AA7-4510-8DF3-C1A14661CAE0}
	EndGlobalSection
EndGlobal
